
Microsoft Visual Studio Solution File, Format Version 12.00
# Visual Studio Version 17
VisualStudioVersion = 17.9.34622.214
MinimumVisualStudioVersion = 10.0.40219.1
Project("{FAE04EC0-301F-11D3-BF4B-00C04F79EFBC}") = "LawOfficeApp", "LawOfficeApp\LawOfficeApp.csproj", "{0E1458D3-C713-436B-9FE0-0CFCCD39DA7A}"
EndProject
Global
	GlobalSection(SolutionConfigurationPlatforms) = preSolution
		Debug|Any CPU = Debug|Any CPU
		Release|Any CPU = Release|Any CPU
	EndGlobalSection
	GlobalSection(ProjectConfigurationPlatforms) = postSolution
		{0E1458D3-C713-436B-9FE0-0CFCCD39DA7A}.Debug|Any CPU.ActiveCfg = Debug|Any CPU
		{0E1458D3-C713-436B-9FE0-0CFCCD39DA7A}.Debug|Any CPU.Build.0 = Debug|Any CPU
		{0E1458D3-C713-436B-9FE0-0CFCCD39DA7A}.Release|Any CPU.ActiveCfg = Release|Any CPU
		{0E1458D3-C713-436B-9FE0-0CFCCD39DA7A}.Release|Any CPU.Build.0 = Release|Any CPU
	EndGlobalSection
	GlobalSection(SolutionProperties) = preSolution
		HideSolutionNode = FALSE
	EndGlobalSection
	GlobalSection(ExtensibilityGlobals) = postSolution
		SolutionGuid = {CB7C1107-1BC4-45C9-A78C-642B73DABEF8}
	EndGlobalSection
EndGlobal
